
Microsoft Visual Studio Solution File, Format Version 12.00
# Visual Studio Version 16
VisualStudioVersion = 16.0.31112.23
MinimumVisualStudioVersion = 10.0.40219.1
Project("{FAE04EC0-301F-11D3-BF4B-00C04F79EFBC}") = "Domen", "Domen\Domen.csproj", "{4853A117-99D3-44B8-B38D-009553EAC952}"
EndProject
Global
	GlobalSection(SolutionConfigurationPlatforms) = preSolution
		Debug|Any CPU = Debug|Any CPU
		Release|Any CPU = Release|Any CPU
	EndGlobalSection
	GlobalSection(ProjectConfigurationPlatforms) = postSolution
		{4853A117-99D3-44B8-B38D-009553EAC952}.Debug|Any CPU.ActiveCfg = Debug|Any CPU
		{4853A117-99D3-44B8-B38D-009553EAC952}.Debug|Any CPU.Build.0 = Debug|Any CPU
		{4853A117-99D3-44B8-B38D-009553EAC952}.Release|Any CPU.ActiveCfg = Release|Any CPU
		{4853A117-99D3-44B8-B38D-009553EAC952}.Release|Any CPU.Build.0 = Release|Any CPU
	EndGlobalSection
	GlobalSection(SolutionProperties) = preSolution
		HideSolutionNode = FALSE
	EndGlobalSection
	GlobalSection(ExtensibilityGlobals) = postSolution
		SolutionGuid = {082672FB-D132-4354-9412-A054F4986209}
	EndGlobalSection
EndGlobal
