
Microsoft Visual Studio Solution File, Format Version 12.00
# Visual Studio Version 16
VisualStudioVersion = 16.0.31112.23
MinimumVisualStudioVersion = 10.0.40219.1
Project("{9A19103F-16F7-4668-BE54-9A1E7A4F7556}") = "Domen", "Domen\Domen.csproj", "{4853A117-99D3-44B8-B38D-009553EAC952}"
EndProject
Project("{9A19103F-16F7-4668-BE54-9A1E7A4F7556}") = "MikroservisProizvod.Test", "MikroservisProizvod.Test\MikroservisProizvod.Test.csproj", "{BD4B9723-4B1E-461C-990E-377C4942C8C1}"
EndProject
Project("{9A19103F-16F7-4668-BE54-9A1E7A4F7556}") = "MikroservisProizvod.API", "MikroservisProizvod.API\MikroservisProizvod.API.csproj", "{56476F6F-DD20-4637-A0B5-6D78B581B3ED}"
EndProject
Project("{9A19103F-16F7-4668-BE54-9A1E7A4F7556}") = "Data", "Data\Data.csproj", "{4FA379D5-EA89-41B3-B179-86BD574F9F86}"
EndProject
Project("{9A19103F-16F7-4668-BE54-9A1E7A4F7556}") = "Common", "Common\Common.csproj", "{E5A567C3-F727-4A96-B559-CDBD46CF27DD}"
EndProject
Project("{9A19103F-16F7-4668-BE54-9A1E7A4F7556}") = "MikroServisProizvod.Application", "Application\MikroServisProizvod.Application.csproj", "{F3019864-51BC-4D6B-AEFD-99695FF2DAB0}"
EndProject
Project("{9A19103F-16F7-4668-BE54-9A1E7A4F7556}") = "MikroServisProizvod.Implementation", "Implementation\MikroServisProizvod.Implementation.csproj", "{4BC30502-195E-438B-BFB8-27DF4B9C29B3}"
EndProject
Global
	GlobalSection(SolutionConfigurationPlatforms) = preSolution
		Debug|Any CPU = Debug|Any CPU
		Release|Any CPU = Release|Any CPU
	EndGlobalSection
	GlobalSection(ProjectConfigurationPlatforms) = postSolution
		{4853A117-99D3-44B8-B38D-009553EAC952}.Debug|Any CPU.ActiveCfg = Debug|Any CPU
		{4853A117-99D3-44B8-B38D-009553EAC952}.Debug|Any CPU.Build.0 = Debug|Any CPU
		{4853A117-99D3-44B8-B38D-009553EAC952}.Release|Any CPU.ActiveCfg = Release|Any CPU
		{4853A117-99D3-44B8-B38D-009553EAC952}.Release|Any CPU.Build.0 = Release|Any CPU
		{BD4B9723-4B1E-461C-990E-377C4942C8C1}.Debug|Any CPU.ActiveCfg = Debug|Any CPU
		{BD4B9723-4B1E-461C-990E-377C4942C8C1}.Debug|Any CPU.Build.0 = Debug|Any CPU
		{BD4B9723-4B1E-461C-990E-377C4942C8C1}.Release|Any CPU.ActiveCfg = Release|Any CPU
		{BD4B9723-4B1E-461C-990E-377C4942C8C1}.Release|Any CPU.Build.0 = Release|Any CPU
		{56476F6F-DD20-4637-A0B5-6D78B581B3ED}.Debug|Any CPU.ActiveCfg = Debug|Any CPU
		{56476F6F-DD20-4637-A0B5-6D78B581B3ED}.Debug|Any CPU.Build.0 = Debug|Any CPU
		{56476F6F-DD20-4637-A0B5-6D78B581B3ED}.Release|Any CPU.ActiveCfg = Release|Any CPU
		{56476F6F-DD20-4637-A0B5-6D78B581B3ED}.Release|Any CPU.Build.0 = Release|Any CPU
		{4FA379D5-EA89-41B3-B179-86BD574F9F86}.Debug|Any CPU.ActiveCfg = Debug|Any CPU
		{4FA379D5-EA89-41B3-B179-86BD574F9F86}.Debug|Any CPU.Build.0 = Debug|Any CPU
		{4FA379D5-EA89-41B3-B179-86BD574F9F86}.Release|Any CPU.ActiveCfg = Release|Any CPU
		{4FA379D5-EA89-41B3-B179-86BD574F9F86}.Release|Any CPU.Build.0 = Release|Any CPU
		{E5A567C3-F727-4A96-B559-CDBD46CF27DD}.Debug|Any CPU.ActiveCfg = Debug|Any CPU
		{E5A567C3-F727-4A96-B559-CDBD46CF27DD}.Debug|Any CPU.Build.0 = Debug|Any CPU
		{E5A567C3-F727-4A96-B559-CDBD46CF27DD}.Release|Any CPU.ActiveCfg = Release|Any CPU
		{E5A567C3-F727-4A96-B559-CDBD46CF27DD}.Release|Any CPU.Build.0 = Release|Any CPU
		{F3019864-51BC-4D6B-AEFD-99695FF2DAB0}.Debug|Any CPU.ActiveCfg = Debug|Any CPU
		{F3019864-51BC-4D6B-AEFD-99695FF2DAB0}.Debug|Any CPU.Build.0 = Debug|Any CPU
		{F3019864-51BC-4D6B-AEFD-99695FF2DAB0}.Release|Any CPU.ActiveCfg = Release|Any CPU
		{F3019864-51BC-4D6B-AEFD-99695FF2DAB0}.Release|Any CPU.Build.0 = Release|Any CPU
		{4BC30502-195E-438B-BFB8-27DF4B9C29B3}.Debug|Any CPU.ActiveCfg = Debug|Any CPU
		{4BC30502-195E-438B-BFB8-27DF4B9C29B3}.Debug|Any CPU.Build.0 = Debug|Any CPU
		{4BC30502-195E-438B-BFB8-27DF4B9C29B3}.Release|Any CPU.ActiveCfg = Release|Any CPU
		{4BC30502-195E-438B-BFB8-27DF4B9C29B3}.Release|Any CPU.Build.0 = Release|Any CPU
	EndGlobalSection
	GlobalSection(SolutionProperties) = preSolution
		HideSolutionNode = FALSE
	EndGlobalSection
	GlobalSection(ExtensibilityGlobals) = postSolution
		SolutionGuid = {082672FB-D132-4354-9412-A054F4986209}
	EndGlobalSection
EndGlobal
